
Microsoft Visual Studio Solution File, Format Version 12.00
# Visual Studio 2013
VisualStudioVersion = 12.0.40629.0
MinimumVisualStudioVersion = 10.0.40219.1
Project("{2150E333-8FDC-42A3-9474-1A3956D46DE8}") = "0Infrastructure", "0Infrastructure", "{ACA2EA72-5C78-4223-8221-82F8A2748262}"
EndProject
Project("{2150E333-8FDC-42A3-9474-1A3956D46DE8}") = "1Dal", "1Dal", "{2FBB69F8-B86D-4C5A-AB31-CCD3307B5CB4}"
EndProject
Project("{2150E333-8FDC-42A3-9474-1A3956D46DE8}") = "2Bll", "2Bll", "{A48153DE-93C1-4568-9CBF-0099015060D1}"
EndProject
Project("{2150E333-8FDC-42A3-9474-1A3956D46DE8}") = "3Ui", "3Ui", "{FB542861-0CA5-4F5A-9D5D-E75FE99147C5}"
EndProject
Project("{2150E333-8FDC-42A3-9474-1A3956D46DE8}") = "4Test", "4Test", "{F43FC317-4FDD-48AA-81A3-320032FE9975}"
EndProject
Project("{FAE04EC0-301F-11D3-BF4B-00C04F79EFBC}") = "PlayTennis.WebApi", "PlayTennis.WebApi\PlayTennis.WebApi.csproj", "{0EED064A-EE7B-4D48-9811-1052206F3AB3}"
EndProject
Project("{FAE04EC0-301F-11D3-BF4B-00C04F79EFBC}") = "PlayTennis.WebApi.Tests", "PlayTennis.WebApi.Tests\PlayTennis.WebApi.Tests.csproj", "{7C61AB80-83CD-4C52-AC96-8244357D1ADA}"
EndProject
Project("{FAE04EC0-301F-11D3-BF4B-00C04F79EFBC}") = "PlayTennis.Dal", "PlayTennis.Dal\PlayTennis.Dal.csproj", "{01554A11-2CE8-4670-98A0-54672D526E99}"
EndProject
Project("{FAE04EC0-301F-11D3-BF4B-00C04F79EFBC}") = "PlayTennis.Model", "PlayTennis.Model\PlayTennis.Model.csproj", "{16B862C3-FB42-4636-8A8D-8A6A6CE332F3}"
EndProject
Project("{FAE04EC0-301F-11D3-BF4B-00C04F79EFBC}") = "PlayTennis.Bll", "PlayTennis.Bll\PlayTennis.Bll.csproj", "{F795EEF0-603C-4A29-93F5-486F04A7F1EB}"
EndProject
Project("{FAE04EC0-301F-11D3-BF4B-00C04F79EFBC}") = "PlayTennis.Utility", "PlayTennis.Utility\PlayTennis.Utility.csproj", "{EFA054E3-CB8E-4129-9865-85638C92C703}"
EndProject
Global
	GlobalSection(SolutionConfigurationPlatforms) = preSolution
		Debug|Any CPU = Debug|Any CPU
		Release|Any CPU = Release|Any CPU
	EndGlobalSection
	GlobalSection(ProjectConfigurationPlatforms) = postSolution
		{0EED064A-EE7B-4D48-9811-1052206F3AB3}.Debug|Any CPU.ActiveCfg = Debug|Any CPU
		{0EED064A-EE7B-4D48-9811-1052206F3AB3}.Debug|Any CPU.Build.0 = Debug|Any CPU
		{0EED064A-EE7B-4D48-9811-1052206F3AB3}.Release|Any CPU.ActiveCfg = Release|Any CPU
		{0EED064A-EE7B-4D48-9811-1052206F3AB3}.Release|Any CPU.Build.0 = Release|Any CPU
		{7C61AB80-83CD-4C52-AC96-8244357D1ADA}.Debug|Any CPU.ActiveCfg = Debug|Any CPU
		{7C61AB80-83CD-4C52-AC96-8244357D1ADA}.Debug|Any CPU.Build.0 = Debug|Any CPU
		{7C61AB80-83CD-4C52-AC96-8244357D1ADA}.Release|Any CPU.ActiveCfg = Release|Any CPU
		{7C61AB80-83CD-4C52-AC96-8244357D1ADA}.Release|Any CPU.Build.0 = Release|Any CPU
		{01554A11-2CE8-4670-98A0-54672D526E99}.Debug|Any CPU.ActiveCfg = Debug|Any CPU
		{01554A11-2CE8-4670-98A0-54672D526E99}.Debug|Any CPU.Build.0 = Debug|Any CPU
		{01554A11-2CE8-4670-98A0-54672D526E99}.Release|Any CPU.ActiveCfg = Release|Any CPU
		{01554A11-2CE8-4670-98A0-54672D526E99}.Release|Any CPU.Build.0 = Release|Any CPU
		{16B862C3-FB42-4636-8A8D-8A6A6CE332F3}.Debug|Any CPU.ActiveCfg = Debug|Any CPU
		{16B862C3-FB42-4636-8A8D-8A6A6CE332F3}.Debug|Any CPU.Build.0 = Debug|Any CPU
		{16B862C3-FB42-4636-8A8D-8A6A6CE332F3}.Release|Any CPU.ActiveCfg = Release|Any CPU
		{16B862C3-FB42-4636-8A8D-8A6A6CE332F3}.Release|Any CPU.Build.0 = Release|Any CPU
		{F795EEF0-603C-4A29-93F5-486F04A7F1EB}.Debug|Any CPU.ActiveCfg = Debug|Any CPU
		{F795EEF0-603C-4A29-93F5-486F04A7F1EB}.Debug|Any CPU.Build.0 = Debug|Any CPU
		{F795EEF0-603C-4A29-93F5-486F04A7F1EB}.Release|Any CPU.ActiveCfg = Release|Any CPU
		{F795EEF0-603C-4A29-93F5-486F04A7F1EB}.Release|Any CPU.Build.0 = Release|Any CPU
		{EFA054E3-CB8E-4129-9865-85638C92C703}.Debug|Any CPU.ActiveCfg = Debug|Any CPU
		{EFA054E3-CB8E-4129-9865-85638C92C703}.Debug|Any CPU.Build.0 = Debug|Any CPU
		{EFA054E3-CB8E-4129-9865-85638C92C703}.Release|Any CPU.ActiveCfg = Release|Any CPU
		{EFA054E3-CB8E-4129-9865-85638C92C703}.Release|Any CPU.Build.0 = Release|Any CPU
	EndGlobalSection
	GlobalSection(SolutionProperties) = preSolution
		HideSolutionNode = FALSE
	EndGlobalSection
	GlobalSection(NestedProjects) = preSolution
		{0EED064A-EE7B-4D48-9811-1052206F3AB3} = {FB542861-0CA5-4F5A-9D5D-E75FE99147C5}
		{7C61AB80-83CD-4C52-AC96-8244357D1ADA} = {F43FC317-4FDD-48AA-81A3-320032FE9975}
		{01554A11-2CE8-4670-98A0-54672D526E99} = {2FBB69F8-B86D-4C5A-AB31-CCD3307B5CB4}
		{16B862C3-FB42-4636-8A8D-8A6A6CE332F3} = {ACA2EA72-5C78-4223-8221-82F8A2748262}
		{F795EEF0-603C-4A29-93F5-486F04A7F1EB} = {A48153DE-93C1-4568-9CBF-0099015060D1}
		{EFA054E3-CB8E-4129-9865-85638C92C703} = {ACA2EA72-5C78-4223-8221-82F8A2748262}
	EndGlobalSection
EndGlobal
